# THIS IS AN AUTOGENERATED FILE. DO NOT EDIT THIS FILE DIRECTLY.
# yarn lockfile v1


en-dictionary@^1.2.4:
  version "1.2.4"
  resolved "https://registry.yarnpkg.com/en-dictionary/-/en-dictionary-1.2.4.tgz#5441a0e8b0eca7de564e46b74ba0ae1aea7632e8"
  integrity sha512-E8pEWHCwpc9TFHDr/OsFMVASSt1fPQHvuWPcjkaR9+BM+H5qf/0Vbdfw6wUn44Pm/p9XSYYc6h0bEn6Wgipi4g==
  dependencies:
    en-wordnet "^2.0.5"
    reiterator "^1.0.0"

en-wordnet@^2.0.5, en-wordnet@^2.0.6:
  version "2.0.6"
  resolved "https://registry.yarnpkg.com/en-wordnet/-/en-wordnet-2.0.6.tgz#5f570ed6d3c06e7f93b6781bce964a267d51a0e9"
  integrity sha512-J1rfA5RcTmSz+6OM0CNoR7B6Jh6D2r5Hxa44PT8kPSK0ZLN2FRIzhwZb4Pd8mmUCYNr1WeYTf4z3MjW6+bBMcw==

reiterator@^1.0.0:
  version "1.1.3"
  resolved "https://registry.yarnpkg.com/reiterator/-/reiterator-1.1.3.tgz#873ab6985eb293e260cd03acc4c71009c789e8c7"
  integrity sha512-pyz+JP4xfawRbVm1nwEHAXWm6E65uN15lcrWIp4pbhtgZlJngZEda8XIM1kW9Ooz8fjqjx1Fx8L+G6UBcw30hw==
